
Microsoft Visual Studio Solution File, Format Version 12.00
# Visual Studio 15
VisualStudioVersion = 15.0.27703.2035
MinimumVisualStudioVersion = 10.0.40219.1
Project("{FAE04EC0-301F-11D3-BF4B-00C04F79EFBC}") = "ImageSizeReader", "ImageSizeReader\ImageSizeReader.csproj", "{F386BEBB-F7E8-4959-9053-81D3146BC95E}"
EndProject
Project("{FAE04EC0-301F-11D3-BF4B-00C04F79EFBC}") = "ConsoleApp", "ConsoleApp\ConsoleApp.csproj", "{0DB06E38-40E2-4F4E-9669-0A4FE9057E54}"
EndProject
Global
	GlobalSection(SolutionConfigurationPlatforms) = preSolution
		Debug|Any CPU = Debug|Any CPU
		Release|Any CPU = Release|Any CPU
	EndGlobalSection
	GlobalSection(ProjectConfigurationPlatforms) = postSolution
		{F386BEBB-F7E8-4959-9053-81D3146BC95E}.Debug|Any CPU.ActiveCfg = Debug|Any CPU
		{F386BEBB-F7E8-4959-9053-81D3146BC95E}.Debug|Any CPU.Build.0 = Debug|Any CPU
		{F386BEBB-F7E8-4959-9053-81D3146BC95E}.Release|Any CPU.ActiveCfg = Release|Any CPU
		{F386BEBB-F7E8-4959-9053-81D3146BC95E}.Release|Any CPU.Build.0 = Release|Any CPU
		{0DB06E38-40E2-4F4E-9669-0A4FE9057E54}.Debug|Any CPU.ActiveCfg = Debug|Any CPU
		{0DB06E38-40E2-4F4E-9669-0A4FE9057E54}.Debug|Any CPU.Build.0 = Debug|Any CPU
		{0DB06E38-40E2-4F4E-9669-0A4FE9057E54}.Release|Any CPU.ActiveCfg = Release|Any CPU
		{0DB06E38-40E2-4F4E-9669-0A4FE9057E54}.Release|Any CPU.Build.0 = Release|Any CPU
	EndGlobalSection
	GlobalSection(SolutionProperties) = preSolution
		HideSolutionNode = FALSE
	EndGlobalSection
	GlobalSection(ExtensibilityGlobals) = postSolution
		SolutionGuid = {4213F7D3-EF92-4241-AC2F-7634F6DAB4A5}
	EndGlobalSection
EndGlobal
